PODS:
  - Alamofire (4.8.2)
  - APIKit (3.2.1):
    - Result (~> 3.0)
  - BigInt (3.1.0):
    - SipHash (~> 1.2)
  - Branch (0.25.11):
    - Branch/Core (= 0.25.11)
  - Branch/Core (0.25.11)
  - Crashlytics (3.12.0):
    - Fabric (~> 1.9.0)
  - CryptoSwift (0.10.0)
  - EasyTipView (2.0.1)
  - Eureka (4.1.1)
  - Fabric (1.9.0)
  - IQKeyboardManager (6.2.1)
  - JavaScriptKit (1.0.0):
    - Result (~> 3.1)
  - JdenticonSwift (0.0.1)
  - JSONRPCKit (3.0.0):
    - Result (~> 3.2.0)
  - KeychainSwift (13.0.0)
  - Kingfisher (4.10.1)
  - Lokalise (0.8.1)
  - MBProgressHUD (1.1.0)
  - Moya (10.0.2):
    - Moya/Core (= 10.0.2)
  - Moya/Core (10.0.2):
    - Alamofire (~> 4.1)
    - Result (~> 3.0)
  - MSCircularSlider (1.2.2)
  - OneSignal (2.9.5)
  - QRCodeReaderViewController (4.0.2)
  - Realm (3.14.1):
    - Realm/Headers (= 3.14.1)
  - Realm/Headers (3.14.1)
  - RealmSwift (3.14.1):
    - Realm (= 3.14.1)
  - Result (3.2.4)
  - SAMKeychain (1.5.3)
  - SeedStackViewController (0.4.0)
  - SipHash (1.2.2)
  - StatefulViewController (3.0)
  - SwiftChart (1.0.1)
  - SwiftLint (0.29.4)
  - SwiftMessages (5.0.1):
    - SwiftMessages/App (= 5.0.1)
  - SwiftMessages/App (5.0.1)
  - TrezorCrypto (0.0.9)
  - TrustCore (0.0.7):
    - BigInt
    - TrezorCrypto
  - TrustKeystore (0.4.2):
    - BigInt
    - CryptoSwift
    - TrezorCrypto
    - TrustCore

DEPENDENCIES:
  - APIKit (~> 3.2.1)
  - BigInt (~> 3.1.0)
  - Branch (~> 0.25.10)
  - Crashlytics (~> 3.12.0)
  - CryptoSwift (~> 0.10.0)
  - EasyTipView (~> 2.0.1)
  - Eureka (~> 4.1.1)
  - Fabric (~> 1.9.0)
  - IQKeyboardManager (~> 6.2.0)
  - JavaScriptKit (~> 1.0.0)
  - JdenticonSwift (~> 0.0.1)
  - JSONRPCKit (~> 3.0.0)
  - KeychainSwift (~> 13.0.0)
  - Kingfisher (~> 4.10.1)
  - Lokalise (~> 0.8.1)
  - MBProgressHUD (~> 1.1.0)
  - Moya (~> 10.0.1)
  - MSCircularSlider (~> 1.2.2)
  - OneSignal (~> 2.9.5)
  - QRCodeReaderViewController (~> 4.0.2)
  - RealmSwift (~> 3.14.1)
  - SAMKeychain (~> 1.5.3)
  - SeedStackViewController
  - StatefulViewController (~> 3.0)
  - SwiftChart (~> 1.0.1)
  - SwiftLint (~> 0.29.3)
  - SwiftMessages (~> 5.0.1)
  - TrustCore (~> 0.0.7)
  - TrustKeystore (~> 0.4.2)

SPEC REPOS:
  https://github.com/cocoapods/specs.git:
    - Alamofire
    - APIKit
    - BigInt
    - Branch
    - Crashlytics
    - CryptoSwift
    - EasyTipView
    - Eureka
    - Fabric
    - IQKeyboardManager
    - JavaScriptKit
    - JdenticonSwift
    - JSONRPCKit
    - KeychainSwift
    - Kingfisher
    - Lokalise
    - MBProgressHUD
    - Moya
    - MSCircularSlider
    - OneSignal
    - QRCodeReaderViewController
    - Realm
    - RealmSwift
    - Result
    - SAMKeychain
    - SeedStackViewController
    - SipHash
    - StatefulViewController
    - SwiftChart
    - SwiftLint
    - SwiftMessages
    - TrezorCrypto
    - TrustCore
    - TrustKeystore

SPEC CHECKSUMS:
  Alamofire: ae5c501addb7afdbb13687d7f2f722c78734c2d3
  APIKit: a39ff72ac44efc15513fd1b98800f63c525be61b
  BigInt: 76b5dfdfa3e2e478d4ffdf161aeede5502e2742f
  Branch: 3cc6dcfd726db42ced22c418c0fb09aa5e90a847
  Crashlytics: 07fb167b1694128c1c9a5a5cc319b0e9c3ca0933
  CryptoSwift: 6c778d69282bed3b4e975ff97a79d074f20bb011
  EasyTipView: 1515544456d6e943240012e9be5d25d1bb766603
  Eureka: b88fb930e42c79f8c03c373d0fcdc28c1d6c50ed
  Fabric: f988e33c97f08930a413e08123064d2e5f68d655
  IQKeyboardManager: 964638372b4a61892cc74fdfa6fd26de8c9464a2
  JavaScriptKit: 9ff565209e6efe21bcb9c6d6ca3e863a67a8ecf7
  JdenticonSwift: bc532f2761566eb29f26b085e5f72de25bc065ce
  JSONRPCKit: 50e0dc5e7f873e87f81562feb8836b7d1974da6d
  KeychainSwift: 23d6c16cbc33f20fafa30c3d783241b4b87d998c
  Kingfisher: c148cd7b47ebde9989f6bc7c27dcaa79d81279a0
  Lokalise: d81f4ccce8cd2c1589bf73bb39fab7781d4f7cbc
  MBProgressHUD: e7baa36a220447d8aeb12769bf0585582f3866d9
  Moya: 2b0531a9fef318e0bc484030c3db1e6f279ccb66
  MSCircularSlider: 70759318a899279d7923aa0f454f3ba0fe448642
  OneSignal: ccdeb961882f8668305e5b694e2cb7cb325fc907
  QRCodeReaderViewController: e8f27d035b3e72b1d4b1c61ff66458287e3be0ff
  Realm: e12c9c2387d05c5bba3a9c394838f5870e85763b
  RealmSwift: a82eab9b04c3e1616082c7e17aa300740847769c
  Result: d2d07204ce72856f1fd9130bbe42c35a7b0fea10
  SAMKeychain: 483e1c9f32984d50ca961e26818a534283b4cd5c
  SeedStackViewController: 45e88ca1493a610e74d661d3feced7098f72dbd3
  SipHash: fad90a4683e420c52ef28063063dbbce248ea6d4
  StatefulViewController: 4803bf900d44de26074344998e10e041113b5931
  SwiftChart: ba767a678d568a5ee22d419e146a0582865e1aff
  SwiftLint: 73f2ecfd0f6d812c8cb9a73c00fe809bc2504585
  SwiftMessages: 32ce3cfc8388b41aae56ff4853cc752a20101147
  TrezorCrypto: bfeea47a052dca2c77d4a39e1e183865e52de14d
  TrustCore: 688df9a241008cf9cfa3842ec8ef28777a8b7534
  TrustKeystore: ba8a33ccd7b6a46dfe25f209253d6ba13da6655c

PODFILE CHECKSUM: 5a0838151a3d4818fc10097849bb695fa684deb7

COCOAPODS: 1.5.3
