PODS:
  - Alamofire (4.8.0)
  - APIKit (3.2.1):
    - Result (~> 3.0)
  - BigInt (3.1.0):
    - SipHash (~> 1.2)
  - Branch (0.25.8):
    - Branch/Core (= 0.25.8)
  - Branch/Core (0.25.8)
  - Crashlytics (3.12.0):
    - Fabric (~> 1.9.0)
  - CryptoSwift (0.10.0)
  - EasyTipView (2.0.1)
  - Eureka (4.1.1)
  - Fabric (1.9.0)
  - IQKeyboardManager (6.2.0)
  - JavaScriptKit (1.0.0):
    - Result (~> 3.1)
  - JdenticonSwift (0.0.1)
  - JSONRPCKit (3.0.0):
    - Result (~> 3.2.0)
  - KeychainSwift (13.0.0)
  - Kingfisher (4.10.1)
  - Lokalise (0.8.1)
  - MBProgressHUD (1.1.0)
  - Moya (10.0.2):
    - Moya/Core (= 10.0.2)
  - Moya/Core (10.0.2):
    - Alamofire (~> 4.1)
    - Result (~> 3.0)
  - MSCircularSlider (1.2.2)
  - QRCodeReaderViewController (4.0.2)
  - R.swift (4.0.0):
    - R.swift.Library (~> 4.0.0)
  - R.swift.Library (4.0.0)
  - Realm (3.10.0):
    - Realm/Headers (= 3.10.0)
  - Realm/Headers (3.10.0)
  - RealmSwift (3.10.0):
    - Realm (= 3.10.0)
  - Result (3.2.4)
  - SAMKeychain (1.5.3)
  - SeedStackViewController (0.4.0)
  - SipHash (1.2.2)
  - StatefulViewController (3.0)
  - SwiftChart (1.0.1)
  - SwiftLint (0.29.0)
  - SwiftMessages (5.0.1):
    - SwiftMessages/App (= 5.0.1)
  - SwiftMessages/App (5.0.1)
  - TrezorCrypto (0.0.9)
  - TrustCore (0.0.7):
    - BigInt
    - TrezorCrypto
  - TrustKeystore (0.4.2):
    - BigInt
    - CryptoSwift
    - TrezorCrypto
    - TrustCore

DEPENDENCIES:
  - APIKit
  - BigInt (~> 3.0)
  - Branch
  - Crashlytics
  - CryptoSwift (~> 0.10.0)
  - EasyTipView (~> 2.0.0)
  - Eureka (~> 4.1.1)
  - Fabric
  - IQKeyboardManager
  - JavaScriptKit
  - JdenticonSwift
  - JSONRPCKit (from `https://github.com/bricklife/JSONRPCKit.git`)
  - KeychainSwift
  - Kingfisher (~> 4.0)
  - Lokalise
  - MBProgressHUD
  - Moya (~> 10.0.1)
  - MSCircularSlider
  - QRCodeReaderViewController (from `https://github.com/yannickl/QRCodeReaderViewController.git`, branch `master`)
  - R.swift
  - RealmSwift (~> 3.10.0)
  - SAMKeychain
  - SeedStackViewController
  - StatefulViewController
  - SwiftChart
  - SwiftLint (~> 0.27)
  - SwiftMessages (~> 5.0.1)
  - TrustCore (~> 0.0.7)
  - TrustKeystore (~> 0.4.2)

SPEC REPOS:
  https://github.com/cocoapods/specs.git:
    - Alamofire
    - APIKit
    - BigInt
    - Branch
    - Crashlytics
    - CryptoSwift
    - EasyTipView
    - Eureka
    - Fabric
    - IQKeyboardManager
    - JavaScriptKit
    - JdenticonSwift
    - KeychainSwift
    - Kingfisher
    - Lokalise
    - MBProgressHUD
    - Moya
    - MSCircularSlider
    - R.swift
    - R.swift.Library
    - Realm
    - RealmSwift
    - Result
    - SAMKeychain
    - SeedStackViewController
    - SipHash
    - StatefulViewController
    - SwiftChart
    - SwiftLint
    - SwiftMessages
    - TrezorCrypto
    - TrustCore
    - TrustKeystore

EXTERNAL SOURCES:
  JSONRPCKit:
    :git: https://github.com/bricklife/JSONRPCKit.git
  QRCodeReaderViewController:
    :branch: master
    :git: https://github.com/yannickl/QRCodeReaderViewController.git

CHECKOUT OPTIONS:
  JSONRPCKit:
    :commit: e1ae67de59067ebb677ad0024b3dc6789f31f193
    :git: https://github.com/bricklife/JSONRPCKit.git
  QRCodeReaderViewController:
    :commit: 1995d15e1d1cc09c9cfeb7e44eee519c7f10d487
    :git: https://github.com/yannickl/QRCodeReaderViewController.git

SPEC CHECKSUMS:
  Alamofire: 3ec537f71edc9804815215393ae2b1a8ea33a844
  APIKit: a39ff72ac44efc15513fd1b98800f63c525be61b
  BigInt: 76b5dfdfa3e2e478d4ffdf161aeede5502e2742f
  Branch: bef2918a62f57ce284f4fa1917f5de1fb31295fe
  Crashlytics: 07fb167b1694128c1c9a5a5cc319b0e9c3ca0933
  CryptoSwift: 6c778d69282bed3b4e975ff97a79d074f20bb011
  EasyTipView: 1515544456d6e943240012e9be5d25d1bb766603
  Eureka: b88fb930e42c79f8c03c373d0fcdc28c1d6c50ed
  Fabric: f988e33c97f08930a413e08123064d2e5f68d655
  IQKeyboardManager: 6194101620b73af5e67900b8f89707a99de0b804
  JavaScriptKit: 9ff565209e6efe21bcb9c6d6ca3e863a67a8ecf7
  JdenticonSwift: bc532f2761566eb29f26b085e5f72de25bc065ce
  JSONRPCKit: 35aecfdf923a8e2053cef8e46d68ed3da66296c8
  KeychainSwift: 23d6c16cbc33f20fafa30c3d783241b4b87d998c
  Kingfisher: c148cd7b47ebde9989f6bc7c27dcaa79d81279a0
  Lokalise: d81f4ccce8cd2c1589bf73bb39fab7781d4f7cbc
  MBProgressHUD: e7baa36a220447d8aeb12769bf0585582f3866d9
  Moya: 2b0531a9fef318e0bc484030c3db1e6f279ccb66
  MSCircularSlider: 70759318a899279d7923aa0f454f3ba0fe448642
  QRCodeReaderViewController: e8f27d035b3e72b1d4b1c61ff66458287e3be0ff
  R.swift: d6a5ec2f55a8441dc0ed9f1f8b37d7d11ae85c66
  R.swift.Library: c3af34921024333546e23b70e70d0b4e0cffca75
  Realm: 85ab9e4f779d66f6e9ffeb118dc25b7f130c96ac
  RealmSwift: 69121c8b86d0ae005fb779efdb10e606732e1c74
  Result: d2d07204ce72856f1fd9130bbe42c35a7b0fea10
  SAMKeychain: 483e1c9f32984d50ca961e26818a534283b4cd5c
  SeedStackViewController: 45e88ca1493a610e74d661d3feced7098f72dbd3
  SipHash: fad90a4683e420c52ef28063063dbbce248ea6d4
  StatefulViewController: 4803bf900d44de26074344998e10e041113b5931
  SwiftChart: ba767a678d568a5ee22d419e146a0582865e1aff
  SwiftLint: d4e7443d93e2bbe868dc302e6c7ac30b469d6a14
  SwiftMessages: 32ce3cfc8388b41aae56ff4853cc752a20101147
  TrezorCrypto: bfeea47a052dca2c77d4a39e1e183865e52de14d
  TrustCore: 688df9a241008cf9cfa3842ec8ef28777a8b7534
  TrustKeystore: ba8a33ccd7b6a46dfe25f209253d6ba13da6655c

PODFILE CHECKSUM: 602008434b7a76552938d677088c0000758ee5cd

COCOAPODS: 1.5.3
