PODS:
  - Alamofire (4.6.0)
  - APIKit (3.1.1):
    - Result (~> 3.0)
  - BigInt (3.0.1):
    - SipHash (~> 1.2)
  - Branch (0.22.5):
    - Branch/Core (= 0.22.5)
  - Branch/Core (0.22.5)
  - Crashlytics (3.9.3):
    - Fabric (~> 1.7.2)
  - CryptoSwift (0.10.0)
  - Eureka (4.1.1)
  - Fabric (1.7.2)
  - IQKeyboardManager (5.0.7)
  - JavaScriptKit (1.0.0):
    - Result (~> 3.1)
  - JdenticonSwift (0.0.1)
  - JSONRPCKit (2.0.0):
    - Result (~> 3.0)
  - KeychainSwift (10.0.0)
  - Kingfisher (4.6.1)
  - Lokalise (0.8.1)
  - MBProgressHUD (1.1.0)
  - Moya (10.0.1):
    - Moya/Core (= 10.0.1)
  - Moya/Core (10.0.1):
    - Alamofire (~> 4.1)
    - Result (~> 3.0)
  - MSCircularSlider (1.2.1)
  - QRCodeReaderViewController (4.0.2)
  - R.swift (4.0.0):
    - R.swift.Library (~> 4.0.0)
  - R.swift.Library (4.0.0)
  - Realm (3.10.0):
    - Realm/Headers (= 3.10.0)
  - Realm/Headers (3.10.0)
  - RealmSwift (3.10.0):
    - Realm (= 3.10.0)
  - Result (3.2.4)
  - SAMKeychain (1.5.3)
  - SeedStackViewController (0.4.0)
  - SipHash (1.2.0)
  - StatefulViewController (3.0)
  - SwiftChart (1.0.1)
  - SwiftLint (0.25.1)
  - SwiftMessages (4.1.0)
  - TrezorCrypto (0.0.6)
  - TrustCore (0.0.7):
    - BigInt
    - TrezorCrypto
  - TrustKeystore (0.4.1):
    - BigInt
    - CryptoSwift
    - TrezorCrypto
    - TrustCore
  - TrustWalletSDK (0.0.1):
    - Result
    - TrustCore
  - TrustWeb3Provider (0.1.7)

DEPENDENCIES:
  - APIKit
  - BigInt (~> 3.0)
  - Branch
  - Crashlytics
  - CryptoSwift (~> 0.10.0)
  - Eureka (~> 4.1.1)
  - Fabric
  - IQKeyboardManager
  - JavaScriptKit
  - JdenticonSwift
  - JSONRPCKit (from `https://github.com/bricklife/JSONRPCKit.git`)
  - KeychainSwift
  - Kingfisher (~> 4.0)
  - Lokalise
  - MBProgressHUD
  - Moya (~> 10.0.1)
  - MSCircularSlider
  - QRCodeReaderViewController (from `https://github.com/yannickl/QRCodeReaderViewController.git`, branch `master`)
  - R.swift
  - RealmSwift (~> 3.10.0)
  - SAMKeychain
  - SeedStackViewController
  - StatefulViewController
  - SwiftChart
  - SwiftLint (~> 0.25.1)
  - SwiftMessages
  - TrustCore (~> 0.0.7)
  - TrustKeystore (from `https://github.com/TrustWallet/trust-keystore`, branch `master`)
  - TrustWalletSDK (from `https://github.com/TrustWallet/TrustSDK-iOS`, branch `master`)
  - TrustWeb3Provider (from `https://github.com/TrustWallet/trust-web3-provider`, commit `f4e0ebb1b8fa4812637babe85ef975d116543dfd`)

SPEC REPOS:
  https://github.com/cocoapods/specs.git:
    - Alamofire
    - APIKit
    - BigInt
    - Branch
    - Crashlytics
    - CryptoSwift
    - Eureka
    - Fabric
    - IQKeyboardManager
    - JavaScriptKit
    - JdenticonSwift
    - KeychainSwift
    - Kingfisher
    - Lokalise
    - MBProgressHUD
    - Moya
    - MSCircularSlider
    - R.swift
    - R.swift.Library
    - Realm
    - RealmSwift
    - Result
    - SAMKeychain
    - SeedStackViewController
    - SipHash
    - StatefulViewController
    - SwiftChart
    - SwiftLint
    - SwiftMessages
    - TrezorCrypto
    - TrustCore

EXTERNAL SOURCES:
  JSONRPCKit:
    :git: https://github.com/bricklife/JSONRPCKit.git
  QRCodeReaderViewController:
    :branch: master
    :git: https://github.com/yannickl/QRCodeReaderViewController.git
  TrustKeystore:
    :branch: master
    :git: https://github.com/TrustWallet/trust-keystore
  TrustWalletSDK:
    :branch: master
    :git: https://github.com/TrustWallet/TrustSDK-iOS
  TrustWeb3Provider:
    :commit: f4e0ebb1b8fa4812637babe85ef975d116543dfd
    :git: https://github.com/TrustWallet/trust-web3-provider

CHECKOUT OPTIONS:
  JSONRPCKit:
    :commit: 50d19a4f7ec593ac5e07cffa1e11c17f1fbe347d
    :git: https://github.com/bricklife/JSONRPCKit.git
  QRCodeReaderViewController:
    :commit: 80bd79cbeede842949b229f81bc6328f53701c5a
    :git: https://github.com/yannickl/QRCodeReaderViewController.git
  TrustKeystore:
    :commit: b338faf76d62efa570bd03088ebceac4e10314da
    :git: https://github.com/TrustWallet/trust-keystore
  TrustWalletSDK:
    :commit: 82c06558df5e6a75bd9c195a4e76536618e76a9a
    :git: https://github.com/TrustWallet/TrustSDK-iOS
  TrustWeb3Provider:
    :commit: f4e0ebb1b8fa4812637babe85ef975d116543dfd
    :git: https://github.com/TrustWallet/trust-web3-provider

SPEC CHECKSUMS:
  Alamofire: f41a599bd63041760b26d393ec1069d9d7b917f4
  APIKit: 7460983f490d3bde6aaaaa4164d18c9865a6f91d
  BigInt: 8e8a52161c745cd3ab78e3dc346a9fbee51e6cf6
  Branch: 4f0482418d99e77d15b0e6065ef216c10e24797b
  Crashlytics: dbb07d01876c171c5ccbdf7826410380189e452c
  CryptoSwift: 6c778d69282bed3b4e975ff97a79d074f20bb011
  Eureka: b88fb930e42c79f8c03c373d0fcdc28c1d6c50ed
  Fabric: 9cd6a848efcf1b8b07497e0b6a2e7d336353ba15
  IQKeyboardManager: 0bfa4607d39924116b5c0c8b55b5d789288b5cba
  JavaScriptKit: 9ff565209e6efe21bcb9c6d6ca3e863a67a8ecf7
  JdenticonSwift: bc532f2761566eb29f26b085e5f72de25bc065ce
  JSONRPCKit: 22132c575ba2dc6f2f4ae72fda4943a63efca686
  KeychainSwift: f9f7910449a0c0fd2cabc889121530dd2c477c33
  Kingfisher: 1f9157d9c02b380cbd0b7cc890161195164eb634
  Lokalise: d81f4ccce8cd2c1589bf73bb39fab7781d4f7cbc
  MBProgressHUD: e7baa36a220447d8aeb12769bf0585582f3866d9
  Moya: 9e621707ff754eeb51ff3ec51a3d54e517c0733a
  MSCircularSlider: e0107e17c0c756c4e6a7d4d6c157a474ac08f7ca
  QRCodeReaderViewController: e8f27d035b3e72b1d4b1c61ff66458287e3be0ff
  R.swift: d6a5ec2f55a8441dc0ed9f1f8b37d7d11ae85c66
  R.swift.Library: c3af34921024333546e23b70e70d0b4e0cffca75
  Realm: 85ab9e4f779d66f6e9ffeb118dc25b7f130c96ac
  RealmSwift: 69121c8b86d0ae005fb779efdb10e606732e1c74
  Result: d2d07204ce72856f1fd9130bbe42c35a7b0fea10
  SAMKeychain: 483e1c9f32984d50ca961e26818a534283b4cd5c
  SeedStackViewController: 45e88ca1493a610e74d661d3feced7098f72dbd3
  SipHash: c6e9e43e9c531b5bc6602545130c26194a6d31ce
  StatefulViewController: 4803bf900d44de26074344998e10e041113b5931
  SwiftChart: ba767a678d568a5ee22d419e146a0582865e1aff
  SwiftLint: ce933681be10c3266e82576dad676fa815a602e9
  SwiftMessages: 1bacc783c8f10bdfdc57c14860cae8a1f1fa6591
  TrezorCrypto: bea2dab002f9a5fe885df004694b9ece52dc088b
  TrustCore: 688df9a241008cf9cfa3842ec8ef28777a8b7534
  TrustKeystore: fdd5936098af80b9478122bbd3a89477a5389298
  TrustWalletSDK: 12451433bda69bc07e5a27408449b1f4692879e4
  TrustWeb3Provider: 50fa391bdf170feb43dd4419992931510a5751d8

PODFILE CHECKSUM: a78a462ca340a81d830dfa2f81014ff7a5936106

COCOAPODS: 1.5.3
